
Microsoft Visual Studio Solution File, Format Version 12.00
# Visual Studio 14
VisualStudioVersion = 14.0.25420.1
MinimumVisualStudioVersion = 10.0.40219.1
Project("{FAE04EC0-301F-11D3-BF4B-00C04F79EFBC}") = "ResourceManagement.Core", "ResourceManagement.Core\ResourceManagement.Core.csproj", "{0F58685B-5A8E-4FAD-BCB2-EA8939A21CDA}"
EndProject
Project("{FAE04EC0-301F-11D3-BF4B-00C04F79EFBC}") = "ResourceManagement.Core.Tests", "ResourceManagement.Core.Tests\ResourceManagement.Core.Tests.csproj", "{AF468BF4-F68B-4BBA-A674-9E60B97DE963}"
EndProject
Project("{FAE04EC0-301F-11D3-BF4B-00C04F79EFBC}") = "ResourceManagement.Models", "ResourceManagement.Models\ResourceManagement.Models.csproj", "{3E99D9E0-9324-4EBA-94C8-428546A385A6}"
EndProject
Project("{FAE04EC0-301F-11D3-BF4B-00C04F79EFBC}") = "ResourceManagement.Business", "ResourceManagement.Business\ResourceManagement.Business.csproj", "{54CB38E5-BF20-476C-983F-8DED7238A9DE}"
EndProject
Global
	GlobalSection(SolutionConfigurationPlatforms) = preSolution
		Debug|Any CPU = Debug|Any CPU
		Release|Any CPU = Release|Any CPU
	EndGlobalSection
	GlobalSection(ProjectConfigurationPlatforms) = postSolution
		{0F58685B-5A8E-4FAD-BCB2-EA8939A21CDA}.Debug|Any CPU.ActiveCfg = Debug|Any CPU
		{0F58685B-5A8E-4FAD-BCB2-EA8939A21CDA}.Debug|Any CPU.Build.0 = Debug|Any CPU
		{0F58685B-5A8E-4FAD-BCB2-EA8939A21CDA}.Release|Any CPU.ActiveCfg = Release|Any CPU
		{0F58685B-5A8E-4FAD-BCB2-EA8939A21CDA}.Release|Any CPU.Build.0 = Release|Any CPU
		{AF468BF4-F68B-4BBA-A674-9E60B97DE963}.Debug|Any CPU.ActiveCfg = Debug|Any CPU
		{AF468BF4-F68B-4BBA-A674-9E60B97DE963}.Debug|Any CPU.Build.0 = Debug|Any CPU
		{AF468BF4-F68B-4BBA-A674-9E60B97DE963}.Release|Any CPU.ActiveCfg = Release|Any CPU
		{AF468BF4-F68B-4BBA-A674-9E60B97DE963}.Release|Any CPU.Build.0 = Release|Any CPU
		{3E99D9E0-9324-4EBA-94C8-428546A385A6}.Debug|Any CPU.ActiveCfg = Debug|Any CPU
		{3E99D9E0-9324-4EBA-94C8-428546A385A6}.Debug|Any CPU.Build.0 = Debug|Any CPU
		{3E99D9E0-9324-4EBA-94C8-428546A385A6}.Release|Any CPU.ActiveCfg = Release|Any CPU
		{3E99D9E0-9324-4EBA-94C8-428546A385A6}.Release|Any CPU.Build.0 = Release|Any CPU
		{54CB38E5-BF20-476C-983F-8DED7238A9DE}.Debug|Any CPU.ActiveCfg = Debug|Any CPU
		{54CB38E5-BF20-476C-983F-8DED7238A9DE}.Debug|Any CPU.Build.0 = Debug|Any CPU
		{54CB38E5-BF20-476C-983F-8DED7238A9DE}.Release|Any CPU.ActiveCfg = Release|Any CPU
		{54CB38E5-BF20-476C-983F-8DED7238A9DE}.Release|Any CPU.Build.0 = Release|Any CPU
	EndGlobalSection
	GlobalSection(SolutionProperties) = preSolution
		HideSolutionNode = FALSE
	EndGlobalSection
EndGlobal
